{
  "name": "lab_5_e",
  "version": "1.0.0",
  "lockfileVersion": 3,
  "requires": true,
  "packages": {
    "": {
      "name": "lab_5_e",
      "version": "1.0.0",
      "license": "ISC",
      "dependencies": {
        "kes_06": "^1.0.0",
        "nodemailer": "^6.9.7",
        "sendmail": "^1.6.1"
      }
    },
    "node_modules/addressparser": {
      "version": "1.0.1",
      "resolved": "https://registry.npmjs.org/addressparser/-/addressparser-1.0.1.tgz",
      "integrity": "sha512-aQX7AISOMM7HFE0iZ3+YnD07oIeJqWGVnJ+ZIKaBZAk03ftmVYVqsGas/rbXKR21n4D/hKCSHypvcyOkds/xzg=="
    },
    "node_modules/buildmail": {
      "version": "3.10.0",
      "resolved": "https://registry.npmjs.org/buildmail/-/buildmail-3.10.0.tgz",
      "integrity": "sha512-6e5sDN/pl3en5Klqdfyir7LEIBiFr9oqZuvYaEyVwjxpIbBZN+98e0j87Fz2Ukl8ud32rbk9VGOZAnsOZ7pkaA==",
      "deprecated": "This project is unmaintained",
      "dependencies": {
        "addressparser": "1.0.1",
        "libbase64": "0.1.0",
        "libmime": "2.1.0",
        "libqp": "1.1.0",
        "nodemailer-fetch": "1.6.0",
        "nodemailer-shared": "1.1.0"
      }
    },
    "node_modules/buildmail/node_modules/iconv-lite": {
      "version": "0.4.13",
      "resolved": "https://registry.npmjs.org/iconv-lite/-/iconv-lite-0.4.13.tgz",
      "integrity": "sha512-QwVuTNQv7tXC5mMWFX5N5wGjmybjNBBD8P3BReTkPmipoxTUFgWM2gXNvldHQr6T14DH0Dh6qBVg98iJt7u4mQ==",
      "engines": {
        "node": ">=0.8.0"
      }
    },
    "node_modules/buildmail/node_modules/libmime": {
      "version": "2.1.0",
      "resolved": "https://registry.npmjs.org/libmime/-/libmime-2.1.0.tgz",
      "integrity": "sha512-4be2R6/jOasyPTw0BkpIZBVk2cElqjdIdS0PRPhbOCV4wWuL/ZcYYpN1BCTVB+6eIQ0uuAwp5hQTHFrM5Joa8w==",
      "dependencies": {
        "iconv-lite": "0.4.13",
        "libbase64": "0.1.0",
        "libqp": "1.1.0"
      }
    },
    "node_modules/dkim-signer": {
      "version": "0.2.2",
      "resolved": "https://registry.npmjs.org/dkim-signer/-/dkim-signer-0.2.2.tgz",
      "integrity": "sha512-24OZ3cCA30UTRz+Plpg+ibfPq3h7tDtsJRg75Bo0pGakZePXcPBddY80bKi1Bi7Jsz7tL5Cw527mhCRDvNFgfg==",
      "dependencies": {
        "libmime": "^2.0.3"
      }
    },
    "node_modules/iconv-lite": {
      "version": "0.4.15",
      "resolved": "https://registry.npmjs.org/iconv-lite/-/iconv-lite-0.4.15.tgz",
      "integrity": "sha512-RGR+c9Lm+tLsvU57FTJJtdbv2hQw42Yl2n26tVIBaYmZzLN+EGfroUugN/z9nJf9kOXd49hBmpoGr4FEm+A4pw==",
      "engines": {
        "node": ">=0.10.0"
      }
    },
    "node_modules/kes_06": {
      "version": "1.0.0",
      "resolved": "https://registry.npmjs.org/kes_06/-/kes_06-1.0.0.tgz",
      "integrity": "sha512-rhY547+pPNLWn3nhjbRtV6GRpY8/5JU7TYOMpGI1rj27gDo/sN34jlmv8PKIfMxL0pxeOyictTk8qJRC+NR4gw==",
      "dependencies": {
        "nodemailer": "^6.9.7"
      }
    },
    "node_modules/libbase64": {
      "version": "0.1.0",
      "resolved": "https://registry.npmjs.org/libbase64/-/libbase64-0.1.0.tgz",
      "integrity": "sha512-B91jifmFw1DKEqEWstSpg1PbtUbBzR4yQAPT86kCQXBtud1AJVA+Z6RSklSrqmKe4q2eiEufgnhqJKPgozzfIQ=="
    },
    "node_modules/libmime": {
      "version": "2.1.3",
      "resolved": "https://registry.npmjs.org/libmime/-/libmime-2.1.3.tgz",
      "integrity": "sha512-ABr2f4O+K99sypmkF/yPz2aXxUFHEZzv+iUkxItCeKZWHHXdQPpDXd6rV1kBBwL4PserzLU09EIzJ2lxC9hPfQ==",
      "dependencies": {
        "iconv-lite": "0.4.15",
        "libbase64": "0.1.0",
        "libqp": "1.1.0"
      }
    },
    "node_modules/libqp": {
      "version": "1.1.0",
      "resolved": "https://registry.npmjs.org/libqp/-/libqp-1.1.0.tgz",
      "integrity": "sha512-4Rgfa0hZpG++t1Vi2IiqXG9Ad1ig4QTmtuZF946QJP4bPqOYC78ixUXgz5TW/wE7lNaNKlplSYTxQ+fR2KZ0EA=="
    },
    "node_modules/mailcomposer": {
      "version": "3.12.0",
      "resolved": "https://registry.npmjs.org/mailcomposer/-/mailcomposer-3.12.0.tgz",
      "integrity": "sha512-zBeDoKUTNI8IAsazoMQFt3eVSVRtDtgrvBjBVdBjxDEX+5KLlKtEFCrBXnxPhs8aTYufUS1SmbFnGpjHS53deg==",
      "deprecated": "This project is unmaintained",
      "dependencies": {
        "buildmail": "3.10.0",
        "libmime": "2.1.0"
      }
    },
    "node_modules/mailcomposer/node_modules/iconv-lite": {
      "version": "0.4.13",
      "resolved": "https://registry.npmjs.org/iconv-lite/-/iconv-lite-0.4.13.tgz",
      "integrity": "sha512-QwVuTNQv7tXC5mMWFX5N5wGjmybjNBBD8P3BReTkPmipoxTUFgWM2gXNvldHQr6T14DH0Dh6qBVg98iJt7u4mQ==",
      "engines": {
        "node": ">=0.8.0"
      }
    },
    "node_modules/mailcomposer/node_modules/libmime": {
      "version": "2.1.0",
      "resolved": "https://registry.npmjs.org/libmime/-/libmime-2.1.0.tgz",
      "integrity": "sha512-4be2R6/jOasyPTw0BkpIZBVk2cElqjdIdS0PRPhbOCV4wWuL/ZcYYpN1BCTVB+6eIQ0uuAwp5hQTHFrM5Joa8w==",
      "dependencies": {
        "iconv-lite": "0.4.13",
        "libbase64": "0.1.0",
        "libqp": "1.1.0"
      }
    },
    "node_modules/nodemailer": {
      "version": "6.9.7",
      "resolved": "https://registry.npmjs.org/nodemailer/-/nodemailer-6.9.7.tgz",
      "integrity": "sha512-rUtR77ksqex/eZRLmQ21LKVH5nAAsVicAtAYudK7JgwenEDZ0UIQ1adUGqErz7sMkWYxWTTU1aeP2Jga6WQyJw==",
      "engines": {
        "node": ">=6.0.0"
      }
    },
    "node_modules/nodemailer-fetch": {
      "version": "1.6.0",
      "resolved": "https://registry.npmjs.org/nodemailer-fetch/-/nodemailer-fetch-1.6.0.tgz",
      "integrity": "sha512-P7S5CEVGAmDrrpn351aXOLYs1R/7fD5NamfMCHyi6WIkbjS2eeZUB/TkuvpOQr0bvRZicVqo59+8wbhR3yrJbQ=="
    },
    "node_modules/nodemailer-shared": {
      "version": "1.1.0",
      "resolved": "https://registry.npmjs.org/nodemailer-shared/-/nodemailer-shared-1.1.0.tgz",
      "integrity": "sha512-68xW5LSyPWv8R0GLm6veAvm7E+XFXkVgvE3FW0FGxNMMZqMkPFeGDVALfR1DPdSfcoO36PnW7q5AAOgFImEZGg==",
      "dependencies": {
        "nodemailer-fetch": "1.6.0"
      }
    },
    "node_modules/sendmail": {
      "version": "1.6.1",
      "resolved": "https://registry.npmjs.org/sendmail/-/sendmail-1.6.1.tgz",
      "integrity": "sha512-lIhvnjSi5e5jL8wA1GPP6j2QVlx6JOEfmdn0QIfmuJdmXYGmJ375kcOU0NSm/34J+nypm4sa1AXrYE5w3uNIIA==",
      "dependencies": {
        "dkim-signer": "0.2.2",
        "mailcomposer": "3.12.0"
      },
      "engines": {
        "node": ">=6.0.0"
      }
    }
  }
}
